
Microsoft Visual Studio Solution File, Format Version 12.00
# Visual Studio Version 16
VisualStudioVersion = 16.0.29721.120
MinimumVisualStudioVersion = 10.0.40219.1
Project("{9A19103F-16F7-4668-BE54-9A1E7A4F7556}") = "Gate.GraphQL.Core.Attributes", "Gate.GraphQL.Core.Attributes.csproj", "{73A5D7FB-D701-4BF6-85C9-B501306747A0}"
EndProject
Global
	GlobalSection(SolutionConfigurationPlatforms) = preSolution
		Debug|Any CPU = Debug|Any CPU
		Release|Any CPU = Release|Any CPU
	EndGlobalSection
	GlobalSection(ProjectConfigurationPlatforms) = postSolution
		{73A5D7FB-D701-4BF6-85C9-B501306747A0}.Debug|Any CPU.ActiveCfg = Debug|Any CPU
		{73A5D7FB-D701-4BF6-85C9-B501306747A0}.Debug|Any CPU.Build.0 = Debug|Any CPU
		{73A5D7FB-D701-4BF6-85C9-B501306747A0}.Release|Any CPU.ActiveCfg = Release|Any CPU
		{73A5D7FB-D701-4BF6-85C9-B501306747A0}.Release|Any CPU.Build.0 = Release|Any CPU
	EndGlobalSection
	GlobalSection(SolutionProperties) = preSolution
		HideSolutionNode = FALSE
	EndGlobalSection
	GlobalSection(ExtensibilityGlobals) = postSolution
		SolutionGuid = {AD0912E6-C456-4F78-B2AC-68121A4D676C}
	EndGlobalSection
EndGlobal
